
Microsoft Visual Studio Solution File, Format Version 12.00
# Visual Studio Version 17
VisualStudioVersion = 17.5.002.0
MinimumVisualStudioVersion = 10.0.40219.1
Project("{9A19103F-16F7-4668-BE54-9A1E7A4F7556}") = "practica10-yosselynhernande19-25", "practica10-yosselynhernande19-25.csproj", "{6C7A1BC2-5D29-4281-A27E-0D295B5D0AF9}"
EndProject
Global
	GlobalSection(SolutionConfigurationPlatforms) = preSolution
		Debug|Any CPU = Debug|Any CPU
		Release|Any CPU = Release|Any CPU
	EndGlobalSection
	GlobalSection(ProjectConfigurationPlatforms) = postSolution
		{6C7A1BC2-5D29-4281-A27E-0D295B5D0AF9}.Debug|Any CPU.ActiveCfg = Debug|Any CPU
		{6C7A1BC2-5D29-4281-A27E-0D295B5D0AF9}.Debug|Any CPU.Build.0 = Debug|Any CPU
		{6C7A1BC2-5D29-4281-A27E-0D295B5D0AF9}.Release|Any CPU.ActiveCfg = Release|Any CPU
		{6C7A1BC2-5D29-4281-A27E-0D295B5D0AF9}.Release|Any CPU.Build.0 = Release|Any CPU
	EndGlobalSection
	GlobalSection(SolutionProperties) = preSolution
		HideSolutionNode = FALSE
	EndGlobalSection
	GlobalSection(ExtensibilityGlobals) = postSolution
		SolutionGuid = {6FA5FE33-E294-4F49-869D-4595A23B4A3E}
	EndGlobalSection
EndGlobal
